
Microsoft Visual Studio Solution File, Format Version 12.00
# Visual Studio Version 17
VisualStudioVersion = 17.3.32929.385
MinimumVisualStudioVersion = 10.0.40219.1
Project("{FAE04EC0-301F-11D3-BF4B-00C04F79EFBC}") = "PersonManagementApi", "PersonManagementApi\PersonManagementApi.csproj", "{80B8AA71-E745-448E-A434-9E548E2DE035}"
EndProject
Global
	GlobalSection(SolutionConfigurationPlatforms) = preSolution
		Debug|Any CPU = Debug|Any CPU
		Release|Any CPU = Release|Any CPU
	EndGlobalSection
	GlobalSection(ProjectConfigurationPlatforms) = postSolution
		{80B8AA71-E745-448E-A434-9E548E2DE035}.Debug|Any CPU.ActiveCfg = Debug|Any CPU
		{80B8AA71-E745-448E-A434-9E548E2DE035}.Debug|Any CPU.Build.0 = Debug|Any CPU
		{80B8AA71-E745-448E-A434-9E548E2DE035}.Release|Any CPU.ActiveCfg = Release|Any CPU
		{80B8AA71-E745-448E-A434-9E548E2DE035}.Release|Any CPU.Build.0 = Release|Any CPU
	EndGlobalSection
	GlobalSection(SolutionProperties) = preSolution
		HideSolutionNode = FALSE
	EndGlobalSection
	GlobalSection(ExtensibilityGlobals) = postSolution
		SolutionGuid = {7CDFAC31-57C1-4C23-BEC8-83EAE167D383}
	EndGlobalSection
EndGlobal
